
Microsoft Visual Studio Solution File, Format Version 12.00
# Visual Studio Version 17
VisualStudioVersion = 17.9.34723.18
MinimumVisualStudioVersion = 10.0.40219.1
Project("{FAE04EC0-301F-11D3-BF4B-00C04F79EFBC}") = "Elden Ring Auto Bingo", "Elden Ring Auto Bingo.csproj", "{A567DE0E-504F-4510-B72F-4B35C45C2218}"
EndProject
Global
	GlobalSection(SolutionConfigurationPlatforms) = preSolution
		Debug|Any CPU = Debug|Any CPU
		Release|Any CPU = Release|Any CPU
	EndGlobalSection
	GlobalSection(ProjectConfigurationPlatforms) = postSolution
		{A567DE0E-504F-4510-B72F-4B35C45C2218}.Debug|Any CPU.ActiveCfg = Debug|Any CPU
		{A567DE0E-504F-4510-B72F-4B35C45C2218}.Debug|Any CPU.Build.0 = Debug|Any CPU
		{A567DE0E-504F-4510-B72F-4B35C45C2218}.Release|Any CPU.ActiveCfg = Release|Any CPU
		{A567DE0E-504F-4510-B72F-4B35C45C2218}.Release|Any CPU.Build.0 = Release|Any CPU
	EndGlobalSection
	GlobalSection(SolutionProperties) = preSolution
		HideSolutionNode = FALSE
	EndGlobalSection
	GlobalSection(ExtensibilityGlobals) = postSolution
		SolutionGuid = {4C14736D-42DF-4CA0-BE18-C0361C5DC37B}
	EndGlobalSection
EndGlobal
